
Microsoft Visual Studio Solution File, Format Version 12.00
# Visual Studio 2012
Project("{FAE04EC0-301F-11D3-BF4B-00C04F79EFBC}") = "PAPIPlugin", "PAPIPlugin\PAPIPlugin.csproj", "{97FF6596-7B0F-4644-8913-F5E9653B1F39}"
EndProject
Project("{FAE04EC0-301F-11D3-BF4B-00C04F79EFBC}") = "Kerbtown", "KerbTown\Kerbtown.csproj", "{2D254314-3781-4137-B5E1-DCCD03D31E0E}"
EndProject
Global
	GlobalSection(SolutionConfigurationPlatforms) = preSolution
		Debug|Any CPU = Debug|Any CPU
		Release|Any CPU = Release|Any CPU
	EndGlobalSection
	GlobalSection(ProjectConfigurationPlatforms) = postSolution
		{97FF6596-7B0F-4644-8913-F5E9653B1F39}.Debug|Any CPU.ActiveCfg = Debug|Any CPU
		{97FF6596-7B0F-4644-8913-F5E9653B1F39}.Debug|Any CPU.Build.0 = Debug|Any CPU
		{97FF6596-7B0F-4644-8913-F5E9653B1F39}.Release|Any CPU.ActiveCfg = Release|Any CPU
		{97FF6596-7B0F-4644-8913-F5E9653B1F39}.Release|Any CPU.Build.0 = Release|Any CPU
		{2D254314-3781-4137-B5E1-DCCD03D31E0E}.Debug|Any CPU.ActiveCfg = Debug|Any CPU
		{2D254314-3781-4137-B5E1-DCCD03D31E0E}.Debug|Any CPU.Build.0 = Debug|Any CPU
		{2D254314-3781-4137-B5E1-DCCD03D31E0E}.Release|Any CPU.ActiveCfg = Release|Any CPU
		{2D254314-3781-4137-B5E1-DCCD03D31E0E}.Release|Any CPU.Build.0 = Release|Any CPU
	EndGlobalSection
	GlobalSection(SolutionProperties) = preSolution
		HideSolutionNode = FALSE
	EndGlobalSection
EndGlobal
